
Microsoft Visual Studio Solution File, Format Version 12.00
# Visual Studio 15
Project("{FAE04EC0-301F-11D3-BF4B-00C04F79EFBC}") = "IKeepassOne", "IKeepassOne\IKeepassOne.csproj", "{FE750A78-9AEA-4819-9467-64CEB0AB07C4}"
EndProject
Project("{FAE04EC0-301F-11D3-BF4B-00C04F79EFBC}") = "IKeepassOne.UITests", "IKeepassOne.UITests\IKeepassOne.UITests.csproj", "{3A26333A-C5B9-4D45-A466-6AD9E40C19EA}"
EndProject
Global
	GlobalSection(SolutionConfigurationPlatforms) = preSolution
		Debug|iPhoneSimulator = Debug|iPhoneSimulator
		Release|iPhoneSimulator = Release|iPhoneSimulator
		Debug|iPhone = Debug|iPhone
		Release|iPhone = Release|iPhone
		Debug|Any CPU = Debug|Any CPU
		Release|Any CPU = Release|Any CPU
	EndGlobalSection
	GlobalSection(ProjectConfigurationPlatforms) = postSolution
		{FE750A78-9AEA-4819-9467-64CEB0AB07C4}.Debug|iPhoneSimulator.ActiveCfg = Debug|iPhoneSimulator
		{FE750A78-9AEA-4819-9467-64CEB0AB07C4}.Debug|iPhoneSimulator.Build.0 = Debug|iPhoneSimulator
		{FE750A78-9AEA-4819-9467-64CEB0AB07C4}.Release|iPhoneSimulator.ActiveCfg = Release|iPhoneSimulator
		{FE750A78-9AEA-4819-9467-64CEB0AB07C4}.Release|iPhoneSimulator.Build.0 = Release|iPhoneSimulator
		{FE750A78-9AEA-4819-9467-64CEB0AB07C4}.Debug|iPhone.ActiveCfg = Debug|iPhone
		{FE750A78-9AEA-4819-9467-64CEB0AB07C4}.Debug|iPhone.Build.0 = Debug|iPhone
		{FE750A78-9AEA-4819-9467-64CEB0AB07C4}.Release|iPhone.ActiveCfg = Release|iPhone
		{FE750A78-9AEA-4819-9467-64CEB0AB07C4}.Release|iPhone.Build.0 = Release|iPhone
		{FE750A78-9AEA-4819-9467-64CEB0AB07C4}.Debug|Any CPU.ActiveCfg = Debug|iPhoneSimulator
		{FE750A78-9AEA-4819-9467-64CEB0AB07C4}.Debug|Any CPU.Build.0 = Debug|iPhoneSimulator
		{FE750A78-9AEA-4819-9467-64CEB0AB07C4}.Release|Any CPU.ActiveCfg = Release|iPhoneSimulator
		{FE750A78-9AEA-4819-9467-64CEB0AB07C4}.Release|Any CPU.Build.0 = Release|iPhoneSimulator
		{3A26333A-C5B9-4D45-A466-6AD9E40C19EA}.Debug|iPhoneSimulator.ActiveCfg = Debug|Any CPU
		{3A26333A-C5B9-4D45-A466-6AD9E40C19EA}.Debug|iPhoneSimulator.Build.0 = Debug|Any CPU
		{3A26333A-C5B9-4D45-A466-6AD9E40C19EA}.Release|iPhoneSimulator.ActiveCfg = Release|Any CPU
		{3A26333A-C5B9-4D45-A466-6AD9E40C19EA}.Release|iPhoneSimulator.Build.0 = Release|Any CPU
		{3A26333A-C5B9-4D45-A466-6AD9E40C19EA}.Debug|iPhone.ActiveCfg = Debug|Any CPU
		{3A26333A-C5B9-4D45-A466-6AD9E40C19EA}.Debug|iPhone.Build.0 = Debug|Any CPU
		{3A26333A-C5B9-4D45-A466-6AD9E40C19EA}.Release|iPhone.ActiveCfg = Release|Any CPU
		{3A26333A-C5B9-4D45-A466-6AD9E40C19EA}.Release|iPhone.Build.0 = Release|Any CPU
		{3A26333A-C5B9-4D45-A466-6AD9E40C19EA}.Debug|Any CPU.ActiveCfg = Debug|Any CPU
		{3A26333A-C5B9-4D45-A466-6AD9E40C19EA}.Debug|Any CPU.Build.0 = Debug|Any CPU
		{3A26333A-C5B9-4D45-A466-6AD9E40C19EA}.Release|Any CPU.ActiveCfg = Release|Any CPU
		{3A26333A-C5B9-4D45-A466-6AD9E40C19EA}.Release|Any CPU.Build.0 = Release|Any CPU
	EndGlobalSection
EndGlobal
